
Microsoft Visual Studio Solution File, Format Version 12.00
# Visual Studio Version 16
VisualStudioVersion = 16.0.31129.286
MinimumVisualStudioVersion = 10.0.40219.1
Project("{FAE04EC0-301F-11D3-BF4B-00C04F79EFBC}") = "EstructuraDeDatos", "EstructuraDeDatos\EstructuraDeDatos.csproj", "{597F043D-6EAE-4C14-9B34-5385F6090344}"
EndProject
Global
	GlobalSection(SolutionConfigurationPlatforms) = preSolution
		Debug|Any CPU = Debug|Any CPU
		Release|Any CPU = Release|Any CPU
	EndGlobalSection
	GlobalSection(ProjectConfigurationPlatforms) = postSolution
		{597F043D-6EAE-4C14-9B34-5385F6090344}.Debug|Any CPU.ActiveCfg = Debug|Any CPU
		{597F043D-6EAE-4C14-9B34-5385F6090344}.Debug|Any CPU.Build.0 = Debug|Any CPU
		{597F043D-6EAE-4C14-9B34-5385F6090344}.Release|Any CPU.ActiveCfg = Release|Any CPU
		{597F043D-6EAE-4C14-9B34-5385F6090344}.Release|Any CPU.Build.0 = Release|Any CPU
	EndGlobalSection
	GlobalSection(SolutionProperties) = preSolution
		HideSolutionNode = FALSE
	EndGlobalSection
	GlobalSection(ExtensibilityGlobals) = postSolution
		SolutionGuid = {22C148F2-8692-412B-9F90-300C6418905A}
	EndGlobalSection
EndGlobal
